
Microsoft Visual Studio Solution File, Format Version 12.00
# Visual Studio Version 17
VisualStudioVersion = 17.13.35931.197 d17.13
MinimumVisualStudioVersion = 10.0.40219.1
Project("{FAE04EC0-301F-11D3-BF4B-00C04F79EFBC}") = "JwtAuthNet9", "JwtAuthNet9.csproj", "{4816E06F-9C06-44BE-94C0-406FC11D43A9}"
EndProject
Global
	GlobalSection(SolutionConfigurationPlatforms) = preSolution
		Debug|Any CPU = Debug|Any CPU
		Release|Any CPU = Release|Any CPU
	EndGlobalSection
	GlobalSection(ProjectConfigurationPlatforms) = postSolution
		{4816E06F-9C06-44BE-94C0-406FC11D43A9}.Debug|Any CPU.ActiveCfg = Debug|Any CPU
		{4816E06F-9C06-44BE-94C0-406FC11D43A9}.Debug|Any CPU.Build.0 = Debug|Any CPU
		{4816E06F-9C06-44BE-94C0-406FC11D43A9}.Release|Any CPU.ActiveCfg = Release|Any CPU
		{4816E06F-9C06-44BE-94C0-406FC11D43A9}.Release|Any CPU.Build.0 = Release|Any CPU
	EndGlobalSection
	GlobalSection(SolutionProperties) = preSolution
		HideSolutionNode = FALSE
	EndGlobalSection
	GlobalSection(ExtensibilityGlobals) = postSolution
		SolutionGuid = {7BE01A24-6FA3-4515-96D8-3F71289D1FD2}
	EndGlobalSection
EndGlobal
